
Microsoft Visual Studio Solution File, Format Version 12.00
# Visual Studio Version 17
VisualStudioVersion = 17.3.32929.385
MinimumVisualStudioVersion = 10.0.40219.1
Project("{FAE04EC0-301F-11D3-BF4B-00C04F79EFBC}") = "DemoSwagLab", "DemoSwagLab\DemoSwagLab.csproj", "{70E82D53-3EED-40C2-81B7-7C4D64EC5B1B}"
EndProject
Global
	GlobalSection(SolutionConfigurationPlatforms) = preSolution
		Debug|Any CPU = Debug|Any CPU
		Release|Any CPU = Release|Any CPU
	EndGlobalSection
	GlobalSection(ProjectConfigurationPlatforms) = postSolution
		{70E82D53-3EED-40C2-81B7-7C4D64EC5B1B}.Debug|Any CPU.ActiveCfg = Debug|Any CPU
		{70E82D53-3EED-40C2-81B7-7C4D64EC5B1B}.Debug|Any CPU.Build.0 = Debug|Any CPU
		{70E82D53-3EED-40C2-81B7-7C4D64EC5B1B}.Release|Any CPU.ActiveCfg = Release|Any CPU
		{70E82D53-3EED-40C2-81B7-7C4D64EC5B1B}.Release|Any CPU.Build.0 = Release|Any CPU
	EndGlobalSection
	GlobalSection(SolutionProperties) = preSolution
		HideSolutionNode = FALSE
	EndGlobalSection
	GlobalSection(ExtensibilityGlobals) = postSolution
		SolutionGuid = {31354D27-F20E-4CB1-AFE6-35648F766A66}
	EndGlobalSection
EndGlobal
